
Microsoft Visual Studio Solution File, Format Version 12.00
# Visual Studio Version 17
VisualStudioVersion = 17.4.33103.184
MinimumVisualStudioVersion = 10.0.40219.1
Project("{FAE04EC0-301F-11D3-BF4B-00C04F79EFBC}") = "quadratic_equation", "quadratic_equation\quadratic_equation.csproj", "{126241FF-8FAD-42FC-B3BE-0A1B1EE53D0C}"
EndProject
Global
	GlobalSection(SolutionConfigurationPlatforms) = preSolution
		Debug|Any CPU = Debug|Any CPU
		Release|Any CPU = Release|Any CPU
	EndGlobalSection
	GlobalSection(ProjectConfigurationPlatforms) = postSolution
		{126241FF-8FAD-42FC-B3BE-0A1B1EE53D0C}.Debug|Any CPU.ActiveCfg = Debug|Any CPU
		{126241FF-8FAD-42FC-B3BE-0A1B1EE53D0C}.Debug|Any CPU.Build.0 = Debug|Any CPU
		{126241FF-8FAD-42FC-B3BE-0A1B1EE53D0C}.Release|Any CPU.ActiveCfg = Release|Any CPU
		{126241FF-8FAD-42FC-B3BE-0A1B1EE53D0C}.Release|Any CPU.Build.0 = Release|Any CPU
	EndGlobalSection
	GlobalSection(SolutionProperties) = preSolution
		HideSolutionNode = FALSE
	EndGlobalSection
	GlobalSection(ExtensibilityGlobals) = postSolution
		SolutionGuid = {3A05A43F-22BD-4FD4-8376-E565241D0822}
	EndGlobalSection
EndGlobal
